
Microsoft Visual Studio Solution File, Format Version 12.00
# Visual Studio Version 17
VisualStudioVersion = 17.2.32630.192
MinimumVisualStudioVersion = 10.0.40219.1
Project("{FAE04EC0-301F-11D3-BF4B-00C04F79EFBC}") = "WholesaleStoreSystem", "WholesaleStoreSystem\WholesaleStoreSystem.csproj", "{470217E8-C996-48C9-850B-67A0C767DD17}"
EndProject
Global
	GlobalSection(SolutionConfigurationPlatforms) = preSolution
		Debug|Any CPU = Debug|Any CPU
		Release|Any CPU = Release|Any CPU
	EndGlobalSection
	GlobalSection(ProjectConfigurationPlatforms) = postSolution
		{470217E8-C996-48C9-850B-67A0C767DD17}.Debug|Any CPU.ActiveCfg = Debug|Any CPU
		{470217E8-C996-48C9-850B-67A0C767DD17}.Debug|Any CPU.Build.0 = Debug|Any CPU
		{470217E8-C996-48C9-850B-67A0C767DD17}.Release|Any CPU.ActiveCfg = Release|Any CPU
		{470217E8-C996-48C9-850B-67A0C767DD17}.Release|Any CPU.Build.0 = Release|Any CPU
	EndGlobalSection
	GlobalSection(SolutionProperties) = preSolution
		HideSolutionNode = FALSE
	EndGlobalSection
	GlobalSection(ExtensibilityGlobals) = postSolution
		SolutionGuid = {E7B2ED3F-EB54-4A2E-A607-1BC9F8ED4F22}
	EndGlobalSection
EndGlobal
